{
  "nodes": {
    "nixpkgs": {
      "locked": {
        "lastModified": 1687681650,
        "narHash": "sha256-M2If+gRcfpmaJy/XbfSsRzLlPpoU4nr0NHnKKl50fd8=",
        "owner": "nixos",
        "repo": "nixpkgs",
        "rev": "1c9db9710cb23d60570ad4d7ab829c2d34403de3",
        "type": "github"
      },
      "original": {
        "owner": "nixos",
        "ref": "nixos-unstable",
        "repo": "nixpkgs",
        "type": "github"
      }
    },
    "nixpkgs-stable": {
      "locked": {
        "lastModified": 1687031877,
        "narHash": "sha256-yMFcVeI+kZ6KD2QBrFPNsvBrLq2Gt//D0baHByMrjFY=",
        "owner": "NixOS",
        "repo": "nixpkgs",
        "rev": "e2e2059d19668dab1744301b8b0e821e3aae9c99",
        "type": "github"
      },
      "original": {
        "owner": "NixOS",
        "ref": "release-23.05",
        "repo": "nixpkgs",
        "type": "github"
      }
    },
    "nixpkgs_2": {
      "locked": {
        "lastModified": 1686628398,
        "narHash": "sha256-jXEuS/dex59Oon4tll+Jb8aVl6B8HX/aREigHjt2S6E=",
        "owner": "nixos",
        "repo": "nixpkgs",
        "rev": "202850e1a11a939364cef0f326cb1352b3f2d8cd",
        "type": "github"
      },
      "original": {
        "owner": "nixos",
        "ref": "master",
        "repo": "nixpkgs",
        "type": "github"
      }
    },
    "root": {
      "inputs": {
        "nixpkgs": "nixpkgs",
        "selfhostblocks": "selfhostblocks",
        "sops-nix": "sops-nix"
      }
    },
    "selfhostblocks": {
      "inputs": {
        "nixpkgs": [
          "nixpkgs"
        ],
        "sops-nix": [
          "sops-nix"
        ]
      },
      "locked": {
        "lastModified": 1687501773,
        "narHash": "sha256-NtASNHmf+WeVMoGDUk8cMZLEHIOzs9DAaTafWtt9PhY=",
        "type": "git",
        "url": "file:///home/timi/Projects/selfhostblocks"
      },
      "original": {
        "type": "git",
        "url": "file:///home/timi/Projects/selfhostblocks"
      }
    },
    "sops-nix": {
      "inputs": {
        "nixpkgs": "nixpkgs_2",
        "nixpkgs-stable": "nixpkgs-stable"
      },
      "locked": {
        "lastModified": 1687398569,
        "narHash": "sha256-e/umuIKFcFtZtWeX369Hbdt9r+GQ48moDmlTcyHWL28=",
        "owner": "Mic92",
        "repo": "sops-nix",
        "rev": "2ff6973350682f8d16371f8c071a304b8067f192",
        "type": "github"
      },
      "original": {
        "owner": "Mic92",
        "repo": "sops-nix",
        "type": "github"
      }
    }
  },
  "root": "root",
  "version": 7
}
